
Microsoft Visual Studio Solution File, Format Version 12.00
# Visual Studio Version 17
VisualStudioVersion = 17.0.31903.59
MinimumVisualStudioVersion = 10.0.40219.1
Project("{2150E333-8FDC-42A3-9474-1A3956D46DE8}") = "src", "src", "{827E0CD3-B72D-47B6-A68D-7590B98EB39B}"
EndProject
Project("{FAE04EC0-301F-11D3-BF4B-00C04F79EFBC}") = "App.Core", "src\App.Core\App.Core.csproj", "{37222E63-714D-4431-9381-F73C4F9D2CA4}"
EndProject
Project("{FAE04EC0-301F-11D3-BF4B-00C04F79EFBC}") = "App.Storage", "src\App.Storage\App.Storage.csproj", "{1A6C35D2-FFA3-4C42-A488-1E71E68AB272}"
EndProject
Project("{FAE04EC0-301F-11D3-BF4B-00C04F79EFBC}") = "App.Scanner", "src\App.Scanner\App.Scanner.csproj", "{1C100336-520F-4BE1-9C23-66CC51497BD3}"
EndProject
Project("{FAE04EC0-301F-11D3-BF4B-00C04F79EFBC}") = "App.Cleaner", "src\App.Cleaner\App.Cleaner.csproj", "{01611322-072D-49A7-88F2-34F715BE29B9}"
EndProject
Project("{FAE04EC0-301F-11D3-BF4B-00C04F79EFBC}") = "App.Performance", "src\App.Performance\App.Performance.csproj", "{6AEDBB5B-B1D6-472C-A336-7EDD78221CE6}"
EndProject
Project("{FAE04EC0-301F-11D3-BF4B-00C04F79EFBC}") = "App.UI", "src\App.UI\App.UI.csproj", "{F24FC2D8-7E97-4ED7-A305-A64B27C520B7}"
EndProject
Project("{FAE04EC0-301F-11D3-BF4B-00C04F79EFBC}") = "App.Tests", "src\App.Tests\App.Tests.csproj", "{CCEB28EE-54A1-4655-A35C-ADDE3E5B95A0}"
EndProject
Project("{2150E333-8FDC-42A3-9474-1A3956D46DE8}") = "WinVitals", "WinVitals", "{927200D2-300C-E0BE-5517-444A11287816}"
EndProject
Project("{2150E333-8FDC-42A3-9474-1A3956D46DE8}") = "src", "src", "{A5F0D401-1504-56C7-D238-384F15648779}"
EndProject
Project("{FAE04EC0-301F-11D3-BF4B-00C04F79EFBC}") = "WinVitals.Core", "WinVitals\src\WinVitals.Core\WinVitals.Core.csproj", "{2043EFD5-E000-439A-BDD4-F727BC77CF21}"
EndProject
Project("{FAE04EC0-301F-11D3-BF4B-00C04F79EFBC}") = "WinVitals.Services", "WinVitals\src\WinVitals.Services\WinVitals.Services.csproj", "{A93CFBB0-9863-4EAE-8608-5F5BFC83D21C}"
EndProject
Project("{FAE04EC0-301F-11D3-BF4B-00C04F79EFBC}") = "WinVitals.App", "WinVitals\src\WinVitals.App\WinVitals.App.csproj", "{4B5BAE97-4DA6-44FD-86F7-D7886DA45D50}"
EndProject
Project("{2150E333-8FDC-42A3-9474-1A3956D46DE8}") = "tests", "tests", "{C4D8029C-0F1D-89EC-338C-AC92BA69F4BD}"
EndProject
Project("{FAE04EC0-301F-11D3-BF4B-00C04F79EFBC}") = "WinVitals.Tests", "WinVitals\tests\WinVitals.Tests\WinVitals.Tests.csproj", "{5260D7C5-9C20-42BD-A4A6-E14DC2020083}"
EndProject
Project("{FAE04EC0-301F-11D3-BF4B-00C04F79EFBC}") = "WinVitals.Benchmarks", "WinVitals\tests\WinVitals.Benchmarks\WinVitals.Benchmarks.csproj", "{10305757-2E91-4DD7-ABD1-3E8D60181B1E}"
EndProject
Global
	GlobalSection(SolutionConfigurationPlatforms) = preSolution
		Debug|Any CPU = Debug|Any CPU
		Debug|x64 = Debug|x64
		Debug|x86 = Debug|x86
		Release|Any CPU = Release|Any CPU
		Release|x64 = Release|x64
		Release|x86 = Release|x86
	EndGlobalSection
	GlobalSection(ProjectConfigurationPlatforms) = postSolution
		{37222E63-714D-4431-9381-F73C4F9D2CA4}.Debug|Any CPU.ActiveCfg = Debug|Any CPU
		{37222E63-714D-4431-9381-F73C4F9D2CA4}.Debug|Any CPU.Build.0 = Debug|Any CPU
		{37222E63-714D-4431-9381-F73C4F9D2CA4}.Debug|x64.ActiveCfg = Debug|Any CPU
		{37222E63-714D-4431-9381-F73C4F9D2CA4}.Debug|x64.Build.0 = Debug|Any CPU
		{37222E63-714D-4431-9381-F73C4F9D2CA4}.Debug|x86.ActiveCfg = Debug|Any CPU
		{37222E63-714D-4431-9381-F73C4F9D2CA4}.Debug|x86.Build.0 = Debug|Any CPU
		{37222E63-714D-4431-9381-F73C4F9D2CA4}.Release|Any CPU.ActiveCfg = Release|Any CPU
		{37222E63-714D-4431-9381-F73C4F9D2CA4}.Release|Any CPU.Build.0 = Release|Any CPU
		{37222E63-714D-4431-9381-F73C4F9D2CA4}.Release|x64.ActiveCfg = Release|Any CPU
		{37222E63-714D-4431-9381-F73C4F9D2CA4}.Release|x64.Build.0 = Release|Any CPU
		{37222E63-714D-4431-9381-F73C4F9D2CA4}.Release|x86.ActiveCfg = Release|Any CPU
		{37222E63-714D-4431-9381-F73C4F9D2CA4}.Release|x86.Build.0 = Release|Any CPU
		{1A6C35D2-FFA3-4C42-A488-1E71E68AB272}.Debug|Any CPU.ActiveCfg = Debug|Any CPU
		{1A6C35D2-FFA3-4C42-A488-1E71E68AB272}.Debug|Any CPU.Build.0 = Debug|Any CPU
		{1A6C35D2-FFA3-4C42-A488-1E71E68AB272}.Debug|x64.ActiveCfg = Debug|Any CPU
		{1A6C35D2-FFA3-4C42-A488-1E71E68AB272}.Debug|x64.Build.0 = Debug|Any CPU
		{1A6C35D2-FFA3-4C42-A488-1E71E68AB272}.Debug|x86.ActiveCfg = Debug|Any CPU
		{1A6C35D2-FFA3-4C42-A488-1E71E68AB272}.Debug|x86.Build.0 = Debug|Any CPU
		{1A6C35D2-FFA3-4C42-A488-1E71E68AB272}.Release|Any CPU.ActiveCfg = Release|Any CPU
		{1A6C35D2-FFA3-4C42-A488-1E71E68AB272}.Release|Any CPU.Build.0 = Release|Any CPU
		{1A6C35D2-FFA3-4C42-A488-1E71E68AB272}.Release|x64.ActiveCfg = Release|Any CPU
		{1A6C35D2-FFA3-4C42-A488-1E71E68AB272}.Release|x64.Build.0 = Release|Any CPU
		{1A6C35D2-FFA3-4C42-A488-1E71E68AB272}.Release|x86.ActiveCfg = Release|Any CPU
		{1A6C35D2-FFA3-4C42-A488-1E71E68AB272}.Release|x86.Build.0 = Release|Any CPU
		{1C100336-520F-4BE1-9C23-66CC51497BD3}.Debug|Any CPU.ActiveCfg = Debug|Any CPU
		{1C100336-520F-4BE1-9C23-66CC51497BD3}.Debug|Any CPU.Build.0 = Debug|Any CPU
		{1C100336-520F-4BE1-9C23-66CC51497BD3}.Debug|x64.ActiveCfg = Debug|Any CPU
		{1C100336-520F-4BE1-9C23-66CC51497BD3}.Debug|x64.Build.0 = Debug|Any CPU
		{1C100336-520F-4BE1-9C23-66CC51497BD3}.Debug|x86.ActiveCfg = Debug|Any CPU
		{1C100336-520F-4BE1-9C23-66CC51497BD3}.Debug|x86.Build.0 = Debug|Any CPU
		{1C100336-520F-4BE1-9C23-66CC51497BD3}.Release|Any CPU.ActiveCfg = Release|Any CPU
		{1C100336-520F-4BE1-9C23-66CC51497BD3}.Release|Any CPU.Build.0 = Release|Any CPU
		{1C100336-520F-4BE1-9C23-66CC51497BD3}.Release|x64.ActiveCfg = Release|Any CPU
		{1C100336-520F-4BE1-9C23-66CC51497BD3}.Release|x64.Build.0 = Release|Any CPU
		{1C100336-520F-4BE1-9C23-66CC51497BD3}.Release|x86.ActiveCfg = Release|Any CPU
		{1C100336-520F-4BE1-9C23-66CC51497BD3}.Release|x86.Build.0 = Release|Any CPU
		{01611322-072D-49A7-88F2-34F715BE29B9}.Debug|Any CPU.ActiveCfg = Debug|Any CPU
		{01611322-072D-49A7-88F2-34F715BE29B9}.Debug|Any CPU.Build.0 = Debug|Any CPU
		{01611322-072D-49A7-88F2-34F715BE29B9}.Debug|x64.ActiveCfg = Debug|Any CPU
		{01611322-072D-49A7-88F2-34F715BE29B9}.Debug|x64.Build.0 = Debug|Any CPU
		{01611322-072D-49A7-88F2-34F715BE29B9}.Debug|x86.ActiveCfg = Debug|Any CPU
		{01611322-072D-49A7-88F2-34F715BE29B9}.Debug|x86.Build.0 = Debug|Any CPU
		{01611322-072D-49A7-88F2-34F715BE29B9}.Release|Any CPU.ActiveCfg = Release|Any CPU
		{01611322-072D-49A7-88F2-34F715BE29B9}.Release|Any CPU.Build.0 = Release|Any CPU
		{01611322-072D-49A7-88F2-34F715BE29B9}.Release|x64.ActiveCfg = Release|Any CPU
		{01611322-072D-49A7-88F2-34F715BE29B9}.Release|x64.Build.0 = Release|Any CPU
		{01611322-072D-49A7-88F2-34F715BE29B9}.Release|x86.ActiveCfg = Release|Any CPU
		{01611322-072D-49A7-88F2-34F715BE29B9}.Release|x86.Build.0 = Release|Any CPU
		{6AEDBB5B-B1D6-472C-A336-7EDD78221CE6}.Debug|Any CPU.ActiveCfg = Debug|Any CPU
		{6AEDBB5B-B1D6-472C-A336-7EDD78221CE6}.Debug|Any CPU.Build.0 = Debug|Any CPU
		{6AEDBB5B-B1D6-472C-A336-7EDD78221CE6}.Debug|x64.ActiveCfg = Debug|Any CPU
		{6AEDBB5B-B1D6-472C-A336-7EDD78221CE6}.Debug|x64.Build.0 = Debug|Any CPU
		{6AEDBB5B-B1D6-472C-A336-7EDD78221CE6}.Debug|x86.ActiveCfg = Debug|Any CPU
		{6AEDBB5B-B1D6-472C-A336-7EDD78221CE6}.Debug|x86.Build.0 = Debug|Any CPU
		{6AEDBB5B-B1D6-472C-A336-7EDD78221CE6}.Release|Any CPU.ActiveCfg = Release|Any CPU
		{6AEDBB5B-B1D6-472C-A336-7EDD78221CE6}.Release|Any CPU.Build.0 = Release|Any CPU
		{6AEDBB5B-B1D6-472C-A336-7EDD78221CE6}.Release|x64.ActiveCfg = Release|Any CPU
		{6AEDBB5B-B1D6-472C-A336-7EDD78221CE6}.Release|x64.Build.0 = Release|Any CPU
		{6AEDBB5B-B1D6-472C-A336-7EDD78221CE6}.Release|x86.ActiveCfg = Release|Any CPU
		{6AEDBB5B-B1D6-472C-A336-7EDD78221CE6}.Release|x86.Build.0 = Release|Any CPU
		{F24FC2D8-7E97-4ED7-A305-A64B27C520B7}.Debug|Any CPU.ActiveCfg = Debug|Any CPU
		{F24FC2D8-7E97-4ED7-A305-A64B27C520B7}.Debug|Any CPU.Build.0 = Debug|Any CPU
		{F24FC2D8-7E97-4ED7-A305-A64B27C520B7}.Debug|x64.ActiveCfg = Debug|Any CPU
		{F24FC2D8-7E97-4ED7-A305-A64B27C520B7}.Debug|x64.Build.0 = Debug|Any CPU
		{F24FC2D8-7E97-4ED7-A305-A64B27C520B7}.Debug|x86.ActiveCfg = Debug|Any CPU
		{F24FC2D8-7E97-4ED7-A305-A64B27C520B7}.Debug|x86.Build.0 = Debug|Any CPU
		{F24FC2D8-7E97-4ED7-A305-A64B27C520B7}.Release|Any CPU.ActiveCfg = Release|Any CPU
		{F24FC2D8-7E97-4ED7-A305-A64B27C520B7}.Release|Any CPU.Build.0 = Release|Any CPU
		{F24FC2D8-7E97-4ED7-A305-A64B27C520B7}.Release|x64.ActiveCfg = Release|Any CPU
		{F24FC2D8-7E97-4ED7-A305-A64B27C520B7}.Release|x64.Build.0 = Release|Any CPU
		{F24FC2D8-7E97-4ED7-A305-A64B27C520B7}.Release|x86.ActiveCfg = Release|Any CPU
		{F24FC2D8-7E97-4ED7-A305-A64B27C520B7}.Release|x86.Build.0 = Release|Any CPU
		{CCEB28EE-54A1-4655-A35C-ADDE3E5B95A0}.Debug|Any CPU.ActiveCfg = Debug|Any CPU
		{CCEB28EE-54A1-4655-A35C-ADDE3E5B95A0}.Debug|Any CPU.Build.0 = Debug|Any CPU
		{CCEB28EE-54A1-4655-A35C-ADDE3E5B95A0}.Debug|x64.ActiveCfg = Debug|Any CPU
		{CCEB28EE-54A1-4655-A35C-ADDE3E5B95A0}.Debug|x64.Build.0 = Debug|Any CPU
		{CCEB28EE-54A1-4655-A35C-ADDE3E5B95A0}.Debug|x86.ActiveCfg = Debug|Any CPU
		{CCEB28EE-54A1-4655-A35C-ADDE3E5B95A0}.Debug|x86.Build.0 = Debug|Any CPU
		{CCEB28EE-54A1-4655-A35C-ADDE3E5B95A0}.Release|Any CPU.ActiveCfg = Release|Any CPU
		{CCEB28EE-54A1-4655-A35C-ADDE3E5B95A0}.Release|Any CPU.Build.0 = Release|Any CPU
		{CCEB28EE-54A1-4655-A35C-ADDE3E5B95A0}.Release|x64.ActiveCfg = Release|Any CPU
		{CCEB28EE-54A1-4655-A35C-ADDE3E5B95A0}.Release|x64.Build.0 = Release|Any CPU
		{CCEB28EE-54A1-4655-A35C-ADDE3E5B95A0}.Release|x86.ActiveCfg = Release|Any CPU
		{CCEB28EE-54A1-4655-A35C-ADDE3E5B95A0}.Release|x86.Build.0 = Release|Any CPU
		{2043EFD5-E000-439A-BDD4-F727BC77CF21}.Debug|Any CPU.ActiveCfg = Debug|Any CPU
		{2043EFD5-E000-439A-BDD4-F727BC77CF21}.Debug|Any CPU.Build.0 = Debug|Any CPU
		{2043EFD5-E000-439A-BDD4-F727BC77CF21}.Debug|x64.ActiveCfg = Debug|Any CPU
		{2043EFD5-E000-439A-BDD4-F727BC77CF21}.Debug|x64.Build.0 = Debug|Any CPU
		{2043EFD5-E000-439A-BDD4-F727BC77CF21}.Debug|x86.ActiveCfg = Debug|Any CPU
		{2043EFD5-E000-439A-BDD4-F727BC77CF21}.Debug|x86.Build.0 = Debug|Any CPU
		{2043EFD5-E000-439A-BDD4-F727BC77CF21}.Release|Any CPU.ActiveCfg = Release|Any CPU
		{2043EFD5-E000-439A-BDD4-F727BC77CF21}.Release|Any CPU.Build.0 = Release|Any CPU
		{2043EFD5-E000-439A-BDD4-F727BC77CF21}.Release|x64.ActiveCfg = Release|Any CPU
		{2043EFD5-E000-439A-BDD4-F727BC77CF21}.Release|x64.Build.0 = Release|Any CPU
		{2043EFD5-E000-439A-BDD4-F727BC77CF21}.Release|x86.ActiveCfg = Release|Any CPU
		{2043EFD5-E000-439A-BDD4-F727BC77CF21}.Release|x86.Build.0 = Release|Any CPU
		{A93CFBB0-9863-4EAE-8608-5F5BFC83D21C}.Debug|Any CPU.ActiveCfg = Debug|Any CPU
		{A93CFBB0-9863-4EAE-8608-5F5BFC83D21C}.Debug|Any CPU.Build.0 = Debug|Any CPU
		{A93CFBB0-9863-4EAE-8608-5F5BFC83D21C}.Debug|x64.ActiveCfg = Debug|Any CPU
		{A93CFBB0-9863-4EAE-8608-5F5BFC83D21C}.Debug|x64.Build.0 = Debug|Any CPU
		{A93CFBB0-9863-4EAE-8608-5F5BFC83D21C}.Debug|x86.ActiveCfg = Debug|Any CPU
		{A93CFBB0-9863-4EAE-8608-5F5BFC83D21C}.Debug|x86.Build.0 = Debug|Any CPU
		{A93CFBB0-9863-4EAE-8608-5F5BFC83D21C}.Release|Any CPU.ActiveCfg = Release|Any CPU
		{A93CFBB0-9863-4EAE-8608-5F5BFC83D21C}.Release|Any CPU.Build.0 = Release|Any CPU
		{A93CFBB0-9863-4EAE-8608-5F5BFC83D21C}.Release|x64.ActiveCfg = Release|Any CPU
		{A93CFBB0-9863-4EAE-8608-5F5BFC83D21C}.Release|x64.Build.0 = Release|Any CPU
		{A93CFBB0-9863-4EAE-8608-5F5BFC83D21C}.Release|x86.ActiveCfg = Release|Any CPU
		{A93CFBB0-9863-4EAE-8608-5F5BFC83D21C}.Release|x86.Build.0 = Release|Any CPU
		{4B5BAE97-4DA6-44FD-86F7-D7886DA45D50}.Debug|Any CPU.ActiveCfg = Debug|Any CPU
		{4B5BAE97-4DA6-44FD-86F7-D7886DA45D50}.Debug|Any CPU.Build.0 = Debug|Any CPU
		{4B5BAE97-4DA6-44FD-86F7-D7886DA45D50}.Debug|x64.ActiveCfg = Debug|Any CPU
		{4B5BAE97-4DA6-44FD-86F7-D7886DA45D50}.Debug|x64.Build.0 = Debug|Any CPU
		{4B5BAE97-4DA6-44FD-86F7-D7886DA45D50}.Debug|x86.ActiveCfg = Debug|Any CPU
		{4B5BAE97-4DA6-44FD-86F7-D7886DA45D50}.Debug|x86.Build.0 = Debug|Any CPU
		{4B5BAE97-4DA6-44FD-86F7-D7886DA45D50}.Release|Any CPU.ActiveCfg = Release|Any CPU
		{4B5BAE97-4DA6-44FD-86F7-D7886DA45D50}.Release|Any CPU.Build.0 = Release|Any CPU
		{4B5BAE97-4DA6-44FD-86F7-D7886DA45D50}.Release|x64.ActiveCfg = Release|Any CPU
		{4B5BAE97-4DA6-44FD-86F7-D7886DA45D50}.Release|x64.Build.0 = Release|Any CPU
		{4B5BAE97-4DA6-44FD-86F7-D7886DA45D50}.Release|x86.ActiveCfg = Release|Any CPU
		{4B5BAE97-4DA6-44FD-86F7-D7886DA45D50}.Release|x86.Build.0 = Release|Any CPU
		{5260D7C5-9C20-42BD-A4A6-E14DC2020083}.Debug|Any CPU.ActiveCfg = Debug|Any CPU
		{5260D7C5-9C20-42BD-A4A6-E14DC2020083}.Debug|Any CPU.Build.0 = Debug|Any CPU
		{5260D7C5-9C20-42BD-A4A6-E14DC2020083}.Debug|x64.ActiveCfg = Debug|Any CPU
		{5260D7C5-9C20-42BD-A4A6-E14DC2020083}.Debug|x64.Build.0 = Debug|Any CPU
		{5260D7C5-9C20-42BD-A4A6-E14DC2020083}.Debug|x86.ActiveCfg = Debug|Any CPU
		{5260D7C5-9C20-42BD-A4A6-E14DC2020083}.Debug|x86.Build.0 = Debug|Any CPU
		{5260D7C5-9C20-42BD-A4A6-E14DC2020083}.Release|Any CPU.ActiveCfg = Release|Any CPU
		{5260D7C5-9C20-42BD-A4A6-E14DC2020083}.Release|Any CPU.Build.0 = Release|Any CPU
		{5260D7C5-9C20-42BD-A4A6-E14DC2020083}.Release|x64.ActiveCfg = Release|Any CPU
		{5260D7C5-9C20-42BD-A4A6-E14DC2020083}.Release|x64.Build.0 = Release|Any CPU
		{5260D7C5-9C20-42BD-A4A6-E14DC2020083}.Release|x86.ActiveCfg = Release|Any CPU
		{5260D7C5-9C20-42BD-A4A6-E14DC2020083}.Release|x86.Build.0 = Release|Any CPU
		{10305757-2E91-4DD7-ABD1-3E8D60181B1E}.Debug|Any CPU.ActiveCfg = Debug|Any CPU
		{10305757-2E91-4DD7-ABD1-3E8D60181B1E}.Debug|Any CPU.Build.0 = Debug|Any CPU
		{10305757-2E91-4DD7-ABD1-3E8D60181B1E}.Debug|x64.ActiveCfg = Debug|Any CPU
		{10305757-2E91-4DD7-ABD1-3E8D60181B1E}.Debug|x64.Build.0 = Debug|Any CPU
		{10305757-2E91-4DD7-ABD1-3E8D60181B1E}.Debug|x86.ActiveCfg = Debug|Any CPU
		{10305757-2E91-4DD7-ABD1-3E8D60181B1E}.Debug|x86.Build.0 = Debug|Any CPU
		{10305757-2E91-4DD7-ABD1-3E8D60181B1E}.Release|Any CPU.ActiveCfg = Release|Any CPU
		{10305757-2E91-4DD7-ABD1-3E8D60181B1E}.Release|Any CPU.Build.0 = Release|Any CPU
		{10305757-2E91-4DD7-ABD1-3E8D60181B1E}.Release|x64.ActiveCfg = Release|Any CPU
		{10305757-2E91-4DD7-ABD1-3E8D60181B1E}.Release|x64.Build.0 = Release|Any CPU
		{10305757-2E91-4DD7-ABD1-3E8D60181B1E}.Release|x86.ActiveCfg = Release|Any CPU
		{10305757-2E91-4DD7-ABD1-3E8D60181B1E}.Release|x86.Build.0 = Release|Any CPU
	EndGlobalSection
	GlobalSection(SolutionProperties) = preSolution
		HideSolutionNode = FALSE
	EndGlobalSection
	GlobalSection(NestedProjects) = preSolution
		{37222E63-714D-4431-9381-F73C4F9D2CA4} = {827E0CD3-B72D-47B6-A68D-7590B98EB39B}
		{1A6C35D2-FFA3-4C42-A488-1E71E68AB272} = {827E0CD3-B72D-47B6-A68D-7590B98EB39B}
		{1C100336-520F-4BE1-9C23-66CC51497BD3} = {827E0CD3-B72D-47B6-A68D-7590B98EB39B}
		{01611322-072D-49A7-88F2-34F715BE29B9} = {827E0CD3-B72D-47B6-A68D-7590B98EB39B}
		{6AEDBB5B-B1D6-472C-A336-7EDD78221CE6} = {827E0CD3-B72D-47B6-A68D-7590B98EB39B}
		{F24FC2D8-7E97-4ED7-A305-A64B27C520B7} = {827E0CD3-B72D-47B6-A68D-7590B98EB39B}
		{CCEB28EE-54A1-4655-A35C-ADDE3E5B95A0} = {827E0CD3-B72D-47B6-A68D-7590B98EB39B}
		{A5F0D401-1504-56C7-D238-384F15648779} = {927200D2-300C-E0BE-5517-444A11287816}
		{2043EFD5-E000-439A-BDD4-F727BC77CF21} = {A5F0D401-1504-56C7-D238-384F15648779}
		{A93CFBB0-9863-4EAE-8608-5F5BFC83D21C} = {A5F0D401-1504-56C7-D238-384F15648779}
		{4B5BAE97-4DA6-44FD-86F7-D7886DA45D50} = {A5F0D401-1504-56C7-D238-384F15648779}
		{C4D8029C-0F1D-89EC-338C-AC92BA69F4BD} = {927200D2-300C-E0BE-5517-444A11287816}
		{5260D7C5-9C20-42BD-A4A6-E14DC2020083} = {C4D8029C-0F1D-89EC-338C-AC92BA69F4BD}
		{10305757-2E91-4DD7-ABD1-3E8D60181B1E} = {C4D8029C-0F1D-89EC-338C-AC92BA69F4BD}
	EndGlobalSection
EndGlobal
